// !$*UTF8*$!
{
	archiveVersion = 1;
	classes = {
	};
	objectVersion = 50;
	objects = {

/* Begin PBXBuildFile section */
		48AE60D62170A21E00214E5D /* QJ8187510342.jpg in Resources */ = {isa = PBXBuildFile; fileRef = 48AE60D52170A21E00214E5D /* QJ8187510342.jpg */; };
		48C103E221802520001FC325 /* timg1.jpg in Resources */ = {isa = PBXBuildFile; fileRef = 48C103E121802520001FC325 /* timg1.jpg */; };
		48C103E42180266B001FC325 /* timg2.jpg in Resources */ = {isa = PBXBuildFile; fileRef = 48C103E32180266B001FC325 /* timg2.jpg */; };
		48EA14FF216D953C00AEB6E0 /* AppDelegate.swift in Sources */ = {isa = PBXBuildFile; fileRef = 48EA14FE216D953C00AEB6E0 /* AppDelegate.swift */; };
		48EA1501216D953C00AEB6E0 /* ViewController.swift in Sources */ = {isa = PBXBuildFile; fileRef = 48EA1500216D953C00AEB6E0 /* ViewController.swift */; };
		48EA1504216D953C00AEB6E0 /* Main.storyboard in Resources */ = {isa = PBXBuildFile; fileRef = 48EA1502216D953C00AEB6E0 /* Main.storyboard */; };
		48EA1506216D954500AEB6E0 /* Assets.xcassets in Resources */ = {isa = PBXBuildFile; fileRef = 48EA1505216D954500AEB6E0 /* Assets.xcassets */; };
		48EA1509216D954500AEB6E0 /* LaunchScreen.storyboard in Resources */ = {isa = PBXBuildFile; fileRef = 48EA1507216D954500AEB6E0 /* LaunchScreen.storyboard */; };
		48EA1514216D954600AEB6E0 /* _0_10Tests.swift in Sources */ = {isa = PBXBuildFile; fileRef = 48EA1513216D954600AEB6E0 /* _0_10Tests.swift */; };
		48EA151F216D954600AEB6E0 /* _0_10UITests.swift in Sources */ = {isa = PBXBuildFile; fileRef = 48EA151E216D954600AEB6E0 /* _0_10UITests.swift */; };
/* End PBXBuildFile section */

/* Begin PBXContainerItemProxy section */
		48EA1510216D954600AEB6E0 /* PBXContainerItemProxy */ = {
			isa = PBXContainerItemProxy;
			containerPortal = 48EA14F3216D953C00AEB6E0 /* Project object */;
			proxyType = 1;
			remoteGlobalIDString = 48EA14FA216D953C00AEB6E0;
			remoteInfo = 10.10;
		};
		48EA151B216D954600AEB6E0 /* PBXContainerItemProxy */ = {
			isa = PBXContainerItemProxy;
			containerPortal = 48EA14F3216D953C00AEB6E0 /* Project object */;
			proxyType = 1;
			remoteGlobalIDString = 48EA14FA216D953C00AEB6E0;
			remoteInfo = 10.10;
		};
/* End PBXContainerItemProxy section */

/* Begin PBXFileReference section */
		48AE60D52170A21E00214E5D /* QJ8187510342.jpg */ = {isa = PBXFileReference; lastKnownFileType = image.jpeg; name = QJ8187510342.jpg; path = ../../QJ8187510342.jpg; sourceTree = "<group>"; };
		48C103E121802520001FC325 /* timg1.jpg */ = {isa = PBXFileReference; lastKnownFileType = image.jpeg; name = timg1.jpg; path = ../../timg1.jpg; sourceTree = "<group>"; };
		48C103E32180266B001FC325 /* timg2.jpg */ = {isa = PBXFileReference; lastKnownFileType = image.jpeg; name = timg2.jpg; path = ../../timg2.jpg; sourceTree = "<group>"; };
		48EA14FB216D953C00AEB6E0 /* 10.10.app */ = {isa = PBXFileReference; explicitFileType = wrapper.application; includeInIndex = 0; path = 10.10.app; sourceTree = BUILT_PRODUCTS_DIR; };
		48EA14FE216D953C00AEB6E0 /* AppDelegate.swift */ = {isa = PBXFileReference; lastKnownFileType = sourcecode.swift; path = AppDelegate.swift; sourceTree = "<group>"; };
		48EA1500216D953C00AEB6E0 /* ViewController.swift */ = {isa = PBXFileReference; lastKnownFileType = sourcecode.swift; path = ViewController.swift; sourceTree = "<group>"; };
		48EA1503216D953C00AEB6E0 /* Base */ = {isa = PBXFileReference; lastKnownFileType = file.storyboard; name = Base; path = Base.lproj/Main.storyboard; sourceTree = "<group>"; };
		48EA1505216D954500AEB6E0 /* Assets.xcassets */ = {isa = PBXFileReference; lastKnownFileType = folder.assetcatalog; path = Assets.xcassets; sourceTree = "<group>"; };
		48EA1508216D954500AEB6E0 /* Base */ = {isa = PBXFileReference; lastKnownFileType = file.storyboard; name = Base; path = Base.lproj/LaunchScreen.storyboard; sourceTree = "<group>"; };
		48EA150A216D954500AEB6E0 /* Info.plist */ = {isa = PBXFileReference; lastKnownFileType = text.plist.xml; path = Info.plist; sourceTree = "<group>"; };
		48EA150F216D954600AEB6E0 /* 10.10Tests.xctest */ = {isa = PBXFileReference; explicitFileType = wrapper.cfbundle; includeInIndex = 0; path = 10.10Tests.xctest; sourceTree = BUILT_PRODUCTS_DIR; };
		48EA1513216D954600AEB6E0 /* _0_10Tests.swift */ = {isa = PBXFileReference; lastKnownFileType = sourcecode.swift; path = _0_10Tests.swift; sourceTree = "<group>"; };
		48EA1515216D954600AEB6E0 /* Info.plist */ = {isa = PBXFileReference; lastKnownFileType = text.plist.xml; path = Info.plist; sourceTree = "<group>"; };
		48EA151A216D954600AEB6E0 /* 10.10UITests.xctest */ = {isa = PBXFileReference; explicitFileType = wrapper.cfbundle; includeInIndex = 0; path = 10.10UITests.xctest; sourceTree = BUILT_PRODUCTS_DIR; };
		48EA151E216D954600AEB6E0 /* _0_10UITests.swift */ = {isa = PBXFileReference; lastKnownFileType = sourcecode.swift; path = _0_10UITests.swift; sourceTree = "<group>"; };
		48EA1520216D954600AEB6E0 /* Info.plist */ = {isa = PBXFileReference; lastKnownFileType = text.plist.xml; path = Info.plist; sourceTree = "<group>"; };
/* End PBXFileReference section */

/* Begin PBXFrameworksBuildPhase section */
		48EA14F8216D953C00AEB6E0 /* Frameworks */ = {
			isa = PBXFrameworksBuildPhase;
			buildActionMask = 2147483647;
			files = (
			);
			runOnlyForDeploymentPostprocessing = 0;
		};
		48EA150C216D954600AEB6E0 /* Frameworks */ = {
			isa = PBXFrameworksBuildPhase;
			buildActionMask = 2147483647;
			files = (
			);
			runOnlyForDeploymentPostprocessing = 0;
		};
		48EA1517216D954600AEB6E0 /* Frameworks */ = {
			isa = PBXFrameworksBuildPhase;
			buildActionMask = 2147483647;
			files = (
			);
			runOnlyForDeploymentPostprocessing = 0;
		};
/* End PBXFrameworksBuildPhase section */

/* Begin PBXGroup section */
		48EA14F2216D953C00AEB6E0 = {
			isa = PBXGroup;
			children = (
				48EA14FD216D953C00AEB6E0 /* 10.10 */,
				48EA1512216D954600AEB6E0 /* 10.10Tests */,
				48EA151D216D954600AEB6E0 /* 10.10UITests */,
				48EA14FC216D953C00AEB6E0 /* Products */,
			);
			sourceTree = "<group>";
		};
		48EA14FC216D953C00AEB6E0 /* Products */ = {
			isa = PBXGroup;
			children = (
				48EA14FB216D953C00AEB6E0 /* 10.10.app */,
				48EA150F216D954600AEB6E0 /* 10.10Tests.xctest */,
				48EA151A216D954600AEB6E0 /* 10.10UITests.xctest */,
			);
			name = Products;
			sourceTree = "<group>";
		};
		48EA14FD216D953C00AEB6E0 /* 10.10 */ = {
			isa = PBXGroup;
			children = (
				48C103E32180266B001FC325 /* timg2.jpg */,
				48C103E121802520001FC325 /* timg1.jpg */,
				48AE60D52170A21E00214E5D /* QJ8187510342.jpg */,
				48EA14FE216D953C00AEB6E0 /* AppDelegate.swift */,
				48EA1500216D953C00AEB6E0 /* ViewController.swift */,
				48EA1502216D953C00AEB6E0 /* Main.storyboard */,
				48EA1505216D954500AEB6E0 /* Assets.xcassets */,
				48EA1507216D954500AEB6E0 /* LaunchScreen.storyboard */,
				48EA150A216D954500AEB6E0 /* Info.plist */,
			);
			path = 10.10;
			sourceTree = "<group>";
		};
		48EA1512216D954600AEB6E0 /* 10.10Tests */ = {
			isa = PBXGroup;
			children = (
				48EA1513216D954600AEB6E0 /* _0_10Tests.swift */,
				48EA1515216D954600AEB6E0 /* Info.plist */,
			);
			path = 10.10Tests;
			sourceTree = "<group>";
		};
		48EA151D216D954600AEB6E0 /* 10.10UITests */ = {
			isa = PBXGroup;
			children = (
				48EA151E216D954600AEB6E0 /* _0_10UITests.swift */,
				48EA1520216D954600AEB6E0 /* Info.plist */,
			);
			path = 10.10UITests;
			sourceTree = "<group>";
		};
/* End PBXGroup section */

/* Begin PBXNativeTarget section */
		48EA14FA216D953C00AEB6E0 /* 10.10 */ = {
			isa = PBXNativeTarget;
			buildConfigurationList = 48EA1523216D954600AEB6E0 /* Build configuration list for PBXNativeTarget "10.10" */;
			buildPhases = (
				48EA14F7216D953C00AEB6E0 /* Sources */,
				48EA14F8216D953C00AEB6E0 /* Frameworks */,
				48EA14F9216D953C00AEB6E0 /* Resources */,
			);
			buildRules = (
			);
			dependencies = (
			);
			name = 10.10;
			productName = 10.10;
			productReference = 48EA14FB216D953C00AEB6E0 /* 10.10.app */;
			productType = "com.apple.product-type.application";
		};
		48EA150E216D954600AEB6E0 /* 10.10Tests */ = {
			isa = PBXNativeTarget;
			buildConfigurationList = 48EA1526216D954600AEB6E0 /* Build configuration list for PBXNativeTarget "10.10Tests" */;
			buildPhases = (
				48EA150B216D954600AEB6E0 /* Sources */,
				48EA150C216D954600AEB6E0 /* Frameworks */,
				48EA150D216D954600AEB6E0 /* Resources */,
			);
			buildRules = (
			);
			dependencies = (
				48EA1511216D954600AEB6E0 /* PBXTargetDependency */,
			);
			name = 10.10Tests;
			productName = 10.10Tests;
			productReference = 48EA150F216D954600AEB6E0 /* 10.10Tests.xctest */;
			productType = "com.apple.product-type.bundle.unit-test";
		};
		48EA1519216D954600AEB6E0 /* 10.10UITests */ = {
			isa = PBXNativeTarget;
			buildConfigurationList = 48EA1529216D954600AEB6E0 /* Build configuration list for PBXNativeTarget "10.10UITests" */;
			buildPhases = (
				48EA1516216D954600AEB6E0 /* Sources */,
				48EA1517216D954600AEB6E0 /* Frameworks */,
				48EA1518216D954600AEB6E0 /* Resources */,
			);
			buildRules = (
			);
			dependencies = (
				48EA151C216D954600AEB6E0 /* PBXTargetDependency */,
			);
			name = 10.10UITests;
			productName = 10.10UITests;
			productReference = 48EA151A216D954600AEB6E0 /* 10.10UITests.xctest */;
			productType = "com.apple.product-type.bundle.ui-testing";
		};
/* End PBXNativeTarget section */

/* Begin PBXProject section */
		48EA14F3216D953C00AEB6E0 /* Project object */ = {
			isa = PBXProject;
			attributes = {
				LastSwiftUpdateCheck = 1000;
				LastUpgradeCheck = 1000;
				ORGANIZATIONNAME = 20161104568;
				TargetAttributes = {
					48EA14FA216D953C00AEB6E0 = {
						CreatedOnToolsVersion = 10.0;
					};
					48EA150E216D954600AEB6E0 = {
						CreatedOnToolsVersion = 10.0;
						TestTargetID = 48EA14FA216D953C00AEB6E0;
					};
					48EA1519216D954600AEB6E0 = {
						CreatedOnToolsVersion = 10.0;
						TestTargetID = 48EA14FA216D953C00AEB6E0;
					};
				};
			};
			buildConfigurationList = 48EA14F6216D953C00AEB6E0 /* Build configuration list for PBXProject "10.10" */;
			compatibilityVersion = "Xcode 9.3";
			developmentRegion = en;
			hasScannedForEncodings = 0;
			knownRegions = (
				en,
				Base,
			);
			mainGroup = 48EA14F2216D953C00AEB6E0;
			productRefGroup = 48EA14FC216D953C00AEB6E0 /* Products */;
			projectDirPath = "";
			projectRoot = "";
			targets = (
				48EA14FA216D953C00AEB6E0 /* 10.10 */,
				48EA150E216D954600AEB6E0 /* 10.10Tests */,
				48EA1519216D954600AEB6E0 /* 10.10UITests */,
			);
		};
/* End PBXProject section */

/* Begin PBXResourcesBuildPhase section */
		48EA14F9216D953C00AEB6E0 /* Resources */ = {
			isa = PBXResourcesBuildPhase;
			buildActionMask = 2147483647;
			files = (
				48EA1509216D954500AEB6E0 /* LaunchScreen.storyboard in Resources */,
				48AE60D62170A21E00214E5D /* QJ8187510342.jpg in Resources */,
				48EA1506216D954500AEB6E0 /* Assets.xcassets in Resources */,
				48C103E221802520001FC325 /* timg1.jpg in Resources */,
				48EA1504216D953C00AEB6E0 /* Main.storyboard in Resources */,
				48C103E42180266B001FC325 /* timg2.jpg in Resources */,
			);
			runOnlyForDeploymentPostprocessing = 0;
		};
		48EA150D216D954600AEB6E0 /* Resources */ = {
			isa = PBXResourcesBuildPhase;
			buildActionMask = 2147483647;
			files = (
			);
			runOnlyForDeploymentPostprocessing = 0;
		};
		48EA1518216D954600AEB6E0 /* Resources */ = {
			isa = PBXResourcesBuildPhase;
			buildActionMask = 2147483647;
			files = (
			);
			runOnlyForDeploymentPostprocessing = 0;
		};
/* End PBXResourcesBuildPhase section */

/* Begin PBXSourcesBuildPhase section */
		48EA14F7216D953C00AEB6E0 /* Sources */ = {
			isa = PBXSourcesBuildPhase;
			buildActionMask = 2147483647;
			files = (
				48EA1501216D953C00AEB6E0 /* ViewController.swift in Sources */,
				48EA14FF216D953C00AEB6E0 /* AppDelegate.swift in Sources */,
			);
			runOnlyForDeploymentPostprocessing = 0;
		};
		48EA150B216D954600AEB6E0 /* Sources */ = {
			isa = PBXSourcesBuildPhase;
			buildActionMask = 2147483647;
			files = (
				48EA1514216D954600AEB6E0 /* _0_10Tests.swift in Sources */,
			);
			runOnlyForDeploymentPostprocessing = 0;
		};
		48EA1516216D954600AEB6E0 /* Sources */ = {
			isa = PBXSourcesBuildPhase;
			buildActionMask = 2147483647;
			files = (
				48EA151F216D954600AEB6E0 /* _0_10UITests.swift in Sources */,
			);
			runOnlyForDeploymentPostprocessing = 0;
		};
/* End PBXSourcesBuildPhase section */

/* Begin PBXTargetDependency section */
		48EA1511216D954600AEB6E0 /* PBXTargetDependency */ = {
			isa = PBXTargetDependency;
			target = 48EA14FA216D953C00AEB6E0 /* 10.10 */;
			targetProxy = 48EA1510216D954600AEB6E0 /* PBXContainerItemProxy */;
		};
		48EA151C216D954600AEB6E0 /* PBXTargetDependency */ = {
			isa = PBXTargetDependency;
			target = 48EA14FA216D953C00AEB6E0 /* 10.10 */;
			targetProxy = 48EA151B216D954600AEB6E0 /* PBXContainerItemProxy */;
		};
/* End PBXTargetDependency section */

/* Begin PBXVariantGroup section */
		48EA1502216D953C00AEB6E0 /* Main.storyboard */ = {
			isa = PBXVariantGroup;
			children = (
				48EA1503216D953C00AEB6E0 /* Base */,
			);
			name = Main.storyboard;
			sourceTree = "<group>";
		};
		48EA1507216D954500AEB6E0 /* LaunchScreen.storyboard */ = {
			isa = PBXVariantGroup;
			children = (
				48EA1508216D954500AEB6E0 /* Base */,
			);
			name = LaunchScreen.storyboard;
			sourceTree = "<group>";
		};
/* End PBXVariantGroup section */

/* Begin XCBuildConfiguration section */
		48EA1521216D954600AEB6E0 /* Debug */ = {
			isa = XCBuildConfiguration;
			buildSettings = {
				ALWAYS_SEARCH_USER_PATHS = NO;
				CLANG_ANALYZER_NONNULL = YES;
				CLANG_ANALYZER_NUMBER_OBJECT_CONVERSION = YES_AGGRESSIVE;
				CLANG_CXX_LANGUAGE_STANDARD = "gnu++14";
				CLANG_CXX_LIBRARY = "libc++";
				CLANG_ENABLE_MODULES = YES;
				CLANG_ENABLE_OBJC_ARC = YES;
				CLANG_ENABLE_OBJC_WEAK = YES;
				CLANG_WARN_BLOCK_CAPTURE_AUTORELEASING = YES;
				CLANG_WARN_BOOL_CONVERSION = YES;
				CLANG_WARN_COMMA = YES;
				CLANG_WARN_CONSTANT_CONVERSION = YES;
				CLANG_WARN_DEPRECATED_OBJC_IMPLEMENTATIONS = YES;
				CLANG_WARN_DIRECT_OBJC_ISA_USAGE = YES_ERROR;
				CLANG_WARN_DOCUMENTATION_COMMENTS = YES;
				CLANG_WARN_EMPTY_BODY = YES;
				CLANG_WARN_ENUM_CONVERSION = YES;
				CLANG_WARN_INFINITE_RECURSION = YES;
				CLANG_WARN_INT_CONVERSION = YES;
				CLANG_WARN_NON_LITERAL_NULL_CONVERSION = YES;
				CLANG_WARN_OBJC_IMPLICIT_RETAIN_SELF = YES;
				CLANG_WARN_OBJC_LITERAL_CONVERSION = YES;
				CLANG_WARN_OBJC_ROOT_CLASS = YES_ERROR;
				CLANG_WARN_RANGE_LOOP_ANALYSIS = YES;
				CLANG_WARN_STRICT_PROTOTYPES = YES;
				CLANG_WARN_SUSPICIOUS_MOVE = YES;
				CLANG_WARN_UNGUARDED_AVAILABILITY = YES_AGGRESSIVE;
				CLANG_WARN_UNREACHABLE_CODE = YES;
				CLANG_WARN__DUPLICATE_METHOD_MATCH = YES;
				CODE_SIGN_IDENTITY = "iPhone Developer";
				COPY_PHASE_STRIP = NO;
				DEBUG_INFORMATION_FORMAT = dwarf;
				ENABLE_STRICT_OBJC_MSGSEND = YES;
				ENABLE_TESTABILITY = YES;
				GCC_C_LANGUAGE_STANDARD = gnu11;
				GCC_DYNAMIC_NO_PIC = NO;
				GCC_NO_COMMON_BLOCKS = YES;
				GCC_OPTIMIZATION_LEVEL = 0;
				GCC_PREPROCESSOR_DEFINITIONS = (
					"DEBUG=1",
					"$(inherited)",
				);
				GCC_WARN_64_TO_32_BIT_CONVERSION = YES;
				GCC_WARN_ABOUT_RETURN_TYPE = YES_ERROR;
				GCC_WARN_UNDECLARED_SELECTOR = YES;
				GCC_WARN_UNINITIALIZED_AUTOS = YES_AGGRESSIVE;
				GCC_WARN_UNUSED_FUNCTION = YES;
				GCC_WARN_UNUSED_VARIABLE = YES;
				IPHONEOS_DEPLOYMENT_TARGET = 12.0;
				MTL_ENABLE_DEBUG_INFO = INCLUDE_SOURCE;
				MTL_FAST_MATH = YES;
				ONLY_ACTIVE_ARCH = YES;
				SDKROOT = iphoneos;
				SWIFT_ACTIVE_COMPILATION_CONDITIONS = DEBUG;
				SWIFT_OPTIMIZATION_LEVEL = "-Onone";
			};
			name = Debug;
		};
		48EA1522216D954600AEB6E0 /* Release */ = {
			isa = XCBuildConfiguration;
			buildSettings = {
				ALWAYS_SEARCH_USER_PATHS = NO;
				CLANG_ANALYZER_NONNULL = YES;
				CLANG_ANALYZER_NUMBER_OBJECT_CONVERSION = YES_AGGRESSIVE;
				CLANG_CXX_LANGUAGE_STANDARD = "gnu++14";
				CLANG_CXX_LIBRARY = "libc++";
				CLANG_ENABLE_MODULES = YES;
				CLANG_ENABLE_OBJC_ARC = YES;
				CLANG_ENABLE_OBJC_WEAK = YES;
				CLANG_WARN_BLOCK_CAPTURE_AUTORELEASING = YES;
				CLANG_WARN_BOOL_CONVERSION = YES;
				CLANG_WARN_COMMA = YES;
				CLANG_WARN_CONSTANT_CONVERSION = YES;
				CLANG_WARN_DEPRECATED_OBJC_IMPLEMENTATIONS = YES;
				CLANG_WARN_DIRECT_OBJC_ISA_USAGE = YES_ERROR;
				CLANG_WARN_DOCUMENTATION_COMMENTS = YES;
				CLANG_WARN_EMPTY_BODY = YES;
				CLANG_WARN_ENUM_CONVERSION = YES;
				CLANG_WARN_INFINITE_RECURSION = YES;
				CLANG_WARN_INT_CONVERSION = YES;
				CLANG_WARN_NON_LITERAL_NULL_CONVERSION = YES;
				CLANG_WARN_OBJC_IMPLICIT_RETAIN_SELF = YES;
				CLANG_WARN_OBJC_LITERAL_CONVERSION = YES;
				CLANG_WARN_OBJC_ROOT_CLASS = YES_ERROR;
				CLANG_WARN_RANGE_LOOP_ANALYSIS = YES;
				CLANG_WARN_STRICT_PROTOTYPES = YES;
				CLANG_WARN_SUSPICIOUS_MOVE = YES;
				CLANG_WARN_UNGUARDED_AVAILABILITY = YES_AGGRESSIVE;
				CLANG_WARN_UNREACHABLE_CODE = YES;
				CLANG_WARN__DUPLICATE_METHOD_MATCH = YES;
				CODE_SIGN_IDENTITY = "iPhone Developer";
				COPY_PHASE_STRIP = NO;
				DEBUG_INFORMATION_FORMAT = "dwarf-with-dsym";
				ENABLE_NS_ASSERTIONS = NO;
				ENABLE_STRICT_OBJC_MSGSEND = YES;
				GCC_C_LANGUAGE_STANDARD = gnu11;
				GCC_NO_COMMON_BLOCKS = YES;
				GCC_WARN_64_TO_32_BIT_CONVERSION = YES;
				GCC_WARN_ABOUT_RETURN_TYPE = YES_ERROR;
				GCC_WARN_UNDECLARED_SELECTOR = YES;
				GCC_WARN_UNINITIALIZED_AUTOS = YES_AGGRESSIVE;
				GCC_WARN_UNUSED_FUNCTION = YES;
				GCC_WARN_UNUSED_VARIABLE = YES;
				IPHONEOS_DEPLOYMENT_TARGET = 12.0;
				MTL_ENABLE_DEBUG_INFO = NO;
				MTL_FAST_MATH = YES;
				SDKROOT = iphoneos;
				SWIFT_COMPILATION_MODE = wholemodule;
				SWIFT_OPTIMIZATION_LEVEL = "-O";
				VALIDATE_PRODUCT = YES;
			};
			name = Release;
		};
		48EA1524216D954600AEB6E0 /* Debug */ = {
			isa = XCBuildConfiguration;
			buildSettings = {
				ASSETCATALOG_COMPILER_APPICON_NAME = AppIcon;
				CODE_SIGN_STYLE = Automatic;
				INFOPLIST_FILE = 10.10/Info.plist;
				LD_RUNPATH_SEARCH_PATHS = (
					"$(inherited)",
					"@executable_path/Frameworks",
				);
				PRODUCT_BUNDLE_IDENTIFIER = "hello.-0-10";
				PRODUCT_NAME = "$(TARGET_NAME)";
				SWIFT_VERSION = 4.2;
				TARGETED_DEVICE_FAMILY = "1,2";
			};
			name = Debug;
		};
		48EA1525216D954600AEB6E0 /* Release */ = {
			isa = XCBuildConfiguration;
			buildSettings = {
				ASSETCATALOG_COMPILER_APPICON_NAME = AppIcon;
				CODE_SIGN_STYLE = Automatic;
				INFOPLIST_FILE = 10.10/Info.plist;
				LD_RUNPATH_SEARCH_PATHS = (
					"$(inherited)",
					"@executable_path/Frameworks",
				);
				PRODUCT_BUNDLE_IDENTIFIER = "hello.-0-10";
				PRODUCT_NAME = "$(TARGET_NAME)";
				SWIFT_VERSION = 4.2;
				TARGETED_DEVICE_FAMILY = "1,2";
			};
			name = Release;
		};
		48EA1527216D954600AEB6E0 /* Debug */ = {
			isa = XCBuildConfiguration;
			buildSettings = {
				ALWAYS_EMBED_SWIFT_STANDARD_LIBRARIES = YES;
				BUNDLE_LOADER = "$(TEST_HOST)";
				CODE_SIGN_STYLE = Automatic;
				INFOPLIST_FILE = 10.10Tests/Info.plist;
				LD_RUNPATH_SEARCH_PATHS = (
					"$(inherited)",
					"@executable_path/Frameworks",
					"@loader_path/Frameworks",
				);
				PRODUCT_BUNDLE_IDENTIFIER = "hello.-0-10Tests";
				PRODUCT_NAME = "$(TARGET_NAME)";
				SWIFT_VERSION = 4.2;
				TARGETED_DEVICE_FAMILY = "1,2";
				TEST_HOST = "$(BUILT_PRODUCTS_DIR)/10.10.app/10.10";
			};
			name = Debug;
		};
		48EA1528216D954600AEB6E0 /* Release */ = {
			isa = XCBuildConfiguration;
			buildSettings = {
				ALWAYS_EMBED_SWIFT_STANDARD_LIBRARIES = YES;
				BUNDLE_LOADER = "$(TEST_HOST)";
				CODE_SIGN_STYLE = Automatic;
				INFOPLIST_FILE = 10.10Tests/Info.plist;
				LD_RUNPATH_SEARCH_PATHS = (
					"$(inherited)",
					"@executable_path/Frameworks",
					"@loader_path/Frameworks",
				);
				PRODUCT_BUNDLE_IDENTIFIER = "hello.-0-10Tests";
				PRODUCT_NAME = "$(TARGET_NAME)";
				SWIFT_VERSION = 4.2;
				TARGETED_DEVICE_FAMILY = "1,2";
				TEST_HOST = "$(BUILT_PRODUCTS_DIR)/10.10.app/10.10";
			};
			name = Release;
		};
		48EA152A216D954600AEB6E0 /* Debug */ = {
			isa = XCBuildConfiguration;
			buildSettings = {
				ALWAYS_EMBED_SWIFT_STANDARD_LIBRARIES = YES;
				CODE_SIGN_STYLE = Automatic;
				INFOPLIST_FILE = 10.10UITests/Info.plist;
				LD_RUNPATH_SEARCH_PATHS = (
					"$(inherited)",
					"@executable_path/Frameworks",
					"@loader_path/Frameworks",
				);
				PRODUCT_BUNDLE_IDENTIFIER = "hello.-0-10UITests";
				PRODUCT_NAME = "$(TARGET_NAME)";
				SWIFT_VERSION = 4.2;
				TARGETED_DEVICE_FAMILY = "1,2";
				TEST_TARGET_NAME = 10.10;
			};
			name = Debug;
		};
		48EA152B216D954600AEB6E0 /* Release */ = {
			isa = XCBuildConfiguration;
			buildSettings = {
				ALWAYS_EMBED_SWIFT_STANDARD_LIBRARIES = YES;
				CODE_SIGN_STYLE = Automatic;
				INFOPLIST_FILE = 10.10UITests/Info.plist;
				LD_RUNPATH_SEARCH_PATHS = (
					"$(inherited)",
					"@executable_path/Frameworks",
					"@loader_path/Frameworks",
				);
				PRODUCT_BUNDLE_IDENTIFIER = "hello.-0-10UITests";
				PRODUCT_NAME = "$(TARGET_NAME)";
				SWIFT_VERSION = 4.2;
				TARGETED_DEVICE_FAMILY = "1,2";
				TEST_TARGET_NAME = 10.10;
			};
			name = Release;
		};
/* End XCBuildConfiguration section */

/* Begin XCConfigurationList section */
		48EA14F6216D953C00AEB6E0 /* Build configuration list for PBXProject "10.10" */ = {
			isa = XCConfigurationList;
			buildConfigurations = (
				48EA1521216D954600AEB6E0 /* Debug */,
				48EA1522216D954600AEB6E0 /* Release */,
			);
			defaultConfigurationIsVisible = 0;
			defaultConfigurationName = Release;
		};
		48EA1523216D954600AEB6E0 /* Build configuration list for PBXNativeTarget "10.10" */ = {
			isa = XCConfigurationList;
			buildConfigurations = (
				48EA1524216D954600AEB6E0 /* Debug */,
				48EA1525216D954600AEB6E0 /* Release */,
			);
			defaultConfigurationIsVisible = 0;
			defaultConfigurationName = Release;
		};
		48EA1526216D954600AEB6E0 /* Build configuration list for PBXNativeTarget "10.10Tests" */ = {
			isa = XCConfigurationList;
			buildConfigurations = (
				48EA1527216D954600AEB6E0 /* Debug */,
				48EA1528216D954600AEB6E0 /* Release */,
			);
			defaultConfigurationIsVisible = 0;
			defaultConfigurationName = Release;
		};
		48EA1529216D954600AEB6E0 /* Build configuration list for PBXNativeTarget "10.10UITests" */ = {
			isa = XCConfigurationList;
			buildConfigurations = (
				48EA152A216D954600AEB6E0 /* Debug */,
				48EA152B216D954600AEB6E0 /* Release */,
			);
			defaultConfigurationIsVisible = 0;
			defaultConfigurationName = Release;
		};
/* End XCConfigurationList section */
	};
	rootObject = 48EA14F3216D953C00AEB6E0 /* Project object */;
}
